
Microsoft Visual Studio Solution File, Format Version 12.00
# Visual Studio Version 16
VisualStudioVersion = 16.0.31624.102
MinimumVisualStudioVersion = 10.0.40219.1
Project("{FAE04EC0-301F-11D3-BF4B-00C04F79EFBC}") = "GrpcGreeter", "GrpcGreeter\GrpcGreeter.csproj", "{B0585E6D-B2C7-4616-8F04-AA7B7E8ECC5A}"
EndProject
Global
	GlobalSection(SolutionConfigurationPlatforms) = preSolution
		Debug|Any CPU = Debug|Any CPU
		Release|Any CPU = Release|Any CPU
	EndGlobalSection
	GlobalSection(ProjectConfigurationPlatforms) = postSolution
		{B0585E6D-B2C7-4616-8F04-AA7B7E8ECC5A}.Debug|Any CPU.ActiveCfg = Debug|Any CPU
		{B0585E6D-B2C7-4616-8F04-AA7B7E8ECC5A}.Debug|Any CPU.Build.0 = Debug|Any CPU
		{B0585E6D-B2C7-4616-8F04-AA7B7E8ECC5A}.Release|Any CPU.ActiveCfg = Release|Any CPU
		{B0585E6D-B2C7-4616-8F04-AA7B7E8ECC5A}.Release|Any CPU.Build.0 = Release|Any CPU
	EndGlobalSection
	GlobalSection(SolutionProperties) = preSolution
		HideSolutionNode = FALSE
	EndGlobalSection
	GlobalSection(ExtensibilityGlobals) = postSolution
		SolutionGuid = {1B27A1F9-C299-41EA-83C4-C7D4A5493A60}
	EndGlobalSection
EndGlobal
